# Generated by pub
# See https://dart.dev/tools/pub/glossary#lockfile
packages:
  args:
    dependency: "direct main"
    description:
      name: args
      url: "https://pub.dartlang.org"
    source: hosted
    version: "1.6.0"
  meta:
    dependency: "direct main"
    description:
      name: meta
      url: "https://pub.dartlang.org"
    source: hosted
    version: "1.7.0"
  test_package_imported:
    dependency: "direct main"
    description:
      path: "../test_package_imported"
      relative: true
    source: path
    version: "0.0.1"
sdks:
  dart: ">=2.14.0-0 <3.0.0"
